schema: '2.0'
stages:
  train_cnn:
    cmd: python3 train.py
    deps:
    - path: params.yaml
      hash: md5
      md5: 506fef0e4022fa4613f974c35e4087c8
      size: 59
    - path: src/data.py
      hash: md5
      md5: 1d3453eff51a6f7417bd51e12223773e
      size: 1222
    - path: src/evaluate.py
      hash: md5
      md5: e454bd24d6dd3eb9f421bd5569b6f830
      size: 1583
    - path: src/model.py
      hash: md5
      md5: b8ce280f8df6207c619fc86b5cf80f5b
      size: 951
    - path: src/train.py
      hash: md5
      md5: 648a2c285838ac3065b4ae48d9c49df5
      size: 4536
    - path: train.py
      hash: md5
      md5: 72661db0b3739ec3cedd3a003b0ee7f8
      size: 276
    params:
      params.yaml:
        batch_size: 128
        epochs: 10
        lr: 0.0005
    outs:
    - path: outputs/metrics.json
      hash: md5
      md5: e1be9e70692f57b6048e6c9a4d48ba1a
      size: 64
    - path: outputs/model.pth
      hash: md5
      md5: 829d70b46ca406aabc8318dc13542b31
      size: 1689256
    - path: outputs/train_val_loss.csv
      hash: md5
      md5: c723a169c5a5734cb8a39f3780d67df0
      size: 448
    - path: outputs/val_acc.csv
      hash: md5
      md5: 88c9d50e889498ce2cccbd3ca11f19ba
      size: 177
