schema: '2.0'
stages:
  train_cnn:
    cmd: python3 train.py
    deps:
    - path: params.yaml
      hash: md5
      md5: 4a1909d028d4c050cc58b9918fb7f086
      size: 58
    - path: src/data.py
      hash: md5
      md5: 1d3453eff51a6f7417bd51e12223773e
      size: 1222
    - path: src/evaluate.py
      hash: md5
      md5: c0a4e2df5d1468f976053faa849caa36
      size: 2876
    - path: src/model.py
      hash: md5
      md5: b8ce280f8df6207c619fc86b5cf80f5b
      size: 951
    - path: src/train.py
      hash: md5
      md5: 8bddf9b9e04005605f14ac587e52f00a
      size: 5556
    - path: train.py
      hash: md5
      md5: cedd0a2c5b880c6a6d73422d5035d5e7
      size: 594
    params:
      params.yaml:
        batch_size: 96
        epochs: 10
        lr: 0.0001
    outs:
    - path: outputs/metrics.json
      hash: md5
      md5: 10cc4643ab90c305e12b1c5e507e67bc
      size: 63
    - path: outputs/model.pth
      hash: md5
      md5: be394e993a0ecc5912f5733ac9629a48
      size: 1689256
    - path: outputs/train_val_loss.csv
      hash: md5
      md5: 5140a4b63b558a49c884d568c481cbb1
      size: 442
    - path: outputs/val_acc.csv
      hash: md5
      md5: 1bc1ce4650a23c649aeb88e5cb7439ce
      size: 202
