schema: '2.0'
stages:
  train_cnn:
    cmd: python3 train.py
    deps:
    - path: params.yaml
      hash: md5
      md5: 694d8afb8f986158ecf2d480426bd2f6
      size: 58
    - path: src/data.py
      hash: md5
      md5: 1d3453eff51a6f7417bd51e12223773e
      size: 1222
    - path: src/evaluate.py
      hash: md5
      md5: e454bd24d6dd3eb9f421bd5569b6f830
      size: 1583
    - path: src/model.py
      hash: md5
      md5: b8ce280f8df6207c619fc86b5cf80f5b
      size: 951
    - path: src/train.py
      hash: md5
      md5: 648a2c285838ac3065b4ae48d9c49df5
      size: 4536
    - path: train.py
      hash: md5
      md5: 72661db0b3739ec3cedd3a003b0ee7f8
      size: 276
    params:
      params.yaml:
        batch_size: 64
        epochs: 10
        lr: 0.0001
    outs:
    - path: outputs/metrics.json
      hash: md5
      md5: 6ab8c4ed7146a63a157a5dfb74ead479
      size: 63
    - path: outputs/model.pth
      hash: md5
      md5: 6f4835f92b2d43bb158b009c1ad8ceca
      size: 1689256
    - path: outputs/train_val_loss.csv
      hash: md5
      md5: fb49868a21a224711db7055c3456ebd7
      size: 448
    - path: outputs/val_acc.csv
      hash: md5
      md5: 06883b691f38607794c59f953dfcbf3c
      size: 190
